
Microsoft Visual Studio Solution File, Format Version 12.00
# Visual Studio 15
VisualStudioVersion = 15.0.27004.2010
MinimumVisualStudioVersion = 10.0.40219.1
Project("{FAE04EC0-301F-11D3-BF4B-00C04F79EFBC}") = "SampleMapsApp", "SampleMapsApp\SampleMapsApp\SampleMapsApp.csproj", "{BAA87F73-BB25-4240-863A-60C6249217A3}"
EndProject
Project("{FAE04EC0-301F-11D3-BF4B-00C04F79EFBC}") = "SampleMapsApp.Android", "SampleMapsApp\SampleMapsApp.Android\SampleMapsApp.Android.csproj", "{2146030B-C5BC-41D3-9E6B-34332000F672}"
EndProject
Project("{FAE04EC0-301F-11D3-BF4B-00C04F79EFBC}") = "SampleMapsApp.iOS", "SampleMapsApp\SampleMapsApp.iOS\SampleMapsApp.iOS.csproj", "{2130DDE5-9AA3-4279-A5D5-6C7F15B7130E}"
EndProject
Project("{FAE04EC0-301F-11D3-BF4B-00C04F79EFBC}") = "SampleMapsApp.UWP", "SampleMapsApp\SampleMapsApp.UWP\SampleMapsApp.UWP.csproj", "{A26204B5-BA6B-45D0-9037-3FA2C0F980B8}"
EndProject
Project("{FAE04EC0-301F-11D3-BF4B-00C04F79EFBC}") = "SampleMapsApp.WPF", "SampleMapsApp\SampleMapsApp.WPF\SampleMapsApp.WPF.csproj", "{EA9CBCD7-0470-4604-8031-C4D31A4F326B}"
EndProject
Global
	GlobalSection(SolutionConfigurationPlatforms) = preSolution
		Debug|Any CPU = Debug|Any CPU
		Debug|ARM = Debug|ARM
		Debug|iPhone = Debug|iPhone
		Debug|iPhoneSimulator = Debug|iPhoneSimulator
		Debug|x64 = Debug|x64
		Debug|x86 = Debug|x86
		Release|Any CPU = Release|Any CPU
		Release|ARM = Release|ARM
		Release|iPhone = Release|iPhone
		Release|iPhoneSimulator = Release|iPhoneSimulator
		Release|x64 = Release|x64
		Release|x86 = Release|x86
	EndGlobalSection
	GlobalSection(ProjectConfigurationPlatforms) = postSolution
		{BAA87F73-BB25-4240-863A-60C6249217A3}.Debug|Any CPU.ActiveCfg = Debug|Any CPU
		{BAA87F73-BB25-4240-863A-60C6249217A3}.Debug|Any CPU.Build.0 = Debug|Any CPU
		{BAA87F73-BB25-4240-863A-60C6249217A3}.Debug|ARM.ActiveCfg = Debug|Any CPU
		{BAA87F73-BB25-4240-863A-60C6249217A3}.Debug|ARM.Build.0 = Debug|Any CPU
		{BAA87F73-BB25-4240-863A-60C6249217A3}.Debug|iPhone.ActiveCfg = Debug|Any CPU
		{BAA87F73-BB25-4240-863A-60C6249217A3}.Debug|iPhone.Build.0 = Debug|Any CPU
		{BAA87F73-BB25-4240-863A-60C6249217A3}.Debug|iPhoneSimulator.ActiveCfg = Debug|Any CPU
		{BAA87F73-BB25-4240-863A-60C6249217A3}.Debug|iPhoneSimulator.Build.0 = Debug|Any CPU
		{BAA87F73-BB25-4240-863A-60C6249217A3}.Debug|x64.ActiveCfg = Debug|Any CPU
		{BAA87F73-BB25-4240-863A-60C6249217A3}.Debug|x64.Build.0 = Debug|Any CPU
		{BAA87F73-BB25-4240-863A-60C6249217A3}.Debug|x86.ActiveCfg = Debug|Any CPU
		{BAA87F73-BB25-4240-863A-60C6249217A3}.Debug|x86.Build.0 = Debug|Any CPU
		{BAA87F73-BB25-4240-863A-60C6249217A3}.Release|Any CPU.ActiveCfg = Release|Any CPU
		{BAA87F73-BB25-4240-863A-60C6249217A3}.Release|Any CPU.Build.0 = Release|Any CPU
		{BAA87F73-BB25-4240-863A-60C6249217A3}.Release|ARM.ActiveCfg = Release|Any CPU
		{BAA87F73-BB25-4240-863A-60C6249217A3}.Release|ARM.Build.0 = Release|Any CPU
		{BAA87F73-BB25-4240-863A-60C6249217A3}.Release|iPhone.ActiveCfg = Release|Any CPU
		{BAA87F73-BB25-4240-863A-60C6249217A3}.Release|iPhone.Build.0 = Release|Any CPU
		{BAA87F73-BB25-4240-863A-60C6249217A3}.Release|iPhoneSimulator.ActiveCfg = Release|Any CPU
		{BAA87F73-BB25-4240-863A-60C6249217A3}.Release|iPhoneSimulator.Build.0 = Release|Any CPU
		{BAA87F73-BB25-4240-863A-60C6249217A3}.Release|x64.ActiveCfg = Release|Any CPU
		{BAA87F73-BB25-4240-863A-60C6249217A3}.Release|x64.Build.0 = Release|Any CPU
		{BAA87F73-BB25-4240-863A-60C6249217A3}.Release|x86.ActiveCfg = Release|Any CPU
		{BAA87F73-BB25-4240-863A-60C6249217A3}.Release|x86.Build.0 = Release|Any CPU
		{2146030B-C5BC-41D3-9E6B-34332000F672}.Debug|Any CPU.ActiveCfg = Debug|Any CPU
		{2146030B-C5BC-41D3-9E6B-34332000F672}.Debug|Any CPU.Build.0 = Debug|Any CPU
		{2146030B-C5BC-41D3-9E6B-34332000F672}.Debug|Any CPU.Deploy.0 = Debug|Any CPU
		{2146030B-C5BC-41D3-9E6B-34332000F672}.Debug|ARM.ActiveCfg = Debug|Any CPU
		{2146030B-C5BC-41D3-9E6B-34332000F672}.Debug|ARM.Build.0 = Debug|Any CPU
		{2146030B-C5BC-41D3-9E6B-34332000F672}.Debug|ARM.Deploy.0 = Debug|Any CPU
		{2146030B-C5BC-41D3-9E6B-34332000F672}.Debug|iPhone.ActiveCfg = Debug|Any CPU
		{2146030B-C5BC-41D3-9E6B-34332000F672}.Debug|iPhone.Build.0 = Debug|Any CPU
		{2146030B-C5BC-41D3-9E6B-34332000F672}.Debug|iPhone.Deploy.0 = Debug|Any CPU
		{2146030B-C5BC-41D3-9E6B-34332000F672}.Debug|iPhoneSimulator.ActiveCfg = Debug|Any CPU
		{2146030B-C5BC-41D3-9E6B-34332000F672}.Debug|iPhoneSimulator.Build.0 = Debug|Any CPU
		{2146030B-C5BC-41D3-9E6B-34332000F672}.Debug|iPhoneSimulator.Deploy.0 = Debug|Any CPU
		{2146030B-C5BC-41D3-9E6B-34332000F672}.Debug|x64.ActiveCfg = Debug|Any CPU
		{2146030B-C5BC-41D3-9E6B-34332000F672}.Debug|x64.Build.0 = Debug|Any CPU
		{2146030B-C5BC-41D3-9E6B-34332000F672}.Debug|x64.Deploy.0 = Debug|Any CPU
		{2146030B-C5BC-41D3-9E6B-34332000F672}.Debug|x86.ActiveCfg = Debug|Any CPU
		{2146030B-C5BC-41D3-9E6B-34332000F672}.Debug|x86.Build.0 = Debug|Any CPU
		{2146030B-C5BC-41D3-9E6B-34332000F672}.Debug|x86.Deploy.0 = Debug|Any CPU
		{2146030B-C5BC-41D3-9E6B-34332000F672}.Release|Any CPU.ActiveCfg = Release|Any CPU
		{2146030B-C5BC-41D3-9E6B-34332000F672}.Release|Any CPU.Build.0 = Release|Any CPU
		{2146030B-C5BC-41D3-9E6B-34332000F672}.Release|Any CPU.Deploy.0 = Release|Any CPU
		{2146030B-C5BC-41D3-9E6B-34332000F672}.Release|ARM.ActiveCfg = Release|Any CPU
		{2146030B-C5BC-41D3-9E6B-34332000F672}.Release|ARM.Build.0 = Release|Any CPU
		{2146030B-C5BC-41D3-9E6B-34332000F672}.Release|ARM.Deploy.0 = Release|Any CPU
		{2146030B-C5BC-41D3-9E6B-34332000F672}.Release|iPhone.ActiveCfg = Release|Any CPU
		{2146030B-C5BC-41D3-9E6B-34332000F672}.Release|iPhone.Build.0 = Release|Any CPU
		{2146030B-C5BC-41D3-9E6B-34332000F672}.Release|iPhone.Deploy.0 = Release|Any CPU
		{2146030B-C5BC-41D3-9E6B-34332000F672}.Release|iPhoneSimulator.ActiveCfg = Release|Any CPU
		{2146030B-C5BC-41D3-9E6B-34332000F672}.Release|iPhoneSimulator.Build.0 = Release|Any CPU
		{2146030B-C5BC-41D3-9E6B-34332000F672}.Release|iPhoneSimulator.Deploy.0 = Release|Any CPU
		{2146030B-C5BC-41D3-9E6B-34332000F672}.Release|x64.ActiveCfg = Release|Any CPU
		{2146030B-C5BC-41D3-9E6B-34332000F672}.Release|x64.Build.0 = Release|Any CPU
		{2146030B-C5BC-41D3-9E6B-34332000F672}.Release|x64.Deploy.0 = Release|Any CPU
		{2146030B-C5BC-41D3-9E6B-34332000F672}.Release|x86.ActiveCfg = Release|Any CPU
		{2146030B-C5BC-41D3-9E6B-34332000F672}.Release|x86.Build.0 = Release|Any CPU
		{2146030B-C5BC-41D3-9E6B-34332000F672}.Release|x86.Deploy.0 = Release|Any CPU
		{2130DDE5-9AA3-4279-A5D5-6C7F15B7130E}.Debug|Any CPU.ActiveCfg = Debug|iPhoneSimulator
		{2130DDE5-9AA3-4279-A5D5-6C7F15B7130E}.Debug|ARM.ActiveCfg = Debug|iPhone
		{2130DDE5-9AA3-4279-A5D5-6C7F15B7130E}.Debug|iPhone.ActiveCfg = Debug|iPhone
		{2130DDE5-9AA3-4279-A5D5-6C7F15B7130E}.Debug|iPhone.Build.0 = Debug|iPhone
		{2130DDE5-9AA3-4279-A5D5-6C7F15B7130E}.Debug|iPhoneSimulator.ActiveCfg = Debug|iPhoneSimulator
		{2130DDE5-9AA3-4279-A5D5-6C7F15B7130E}.Debug|iPhoneSimulator.Build.0 = Debug|iPhoneSimulator
		{2130DDE5-9AA3-4279-A5D5-6C7F15B7130E}.Debug|x64.ActiveCfg = Debug|iPhone
		{2130DDE5-9AA3-4279-A5D5-6C7F15B7130E}.Debug|x86.ActiveCfg = Debug|iPhone
		{2130DDE5-9AA3-4279-A5D5-6C7F15B7130E}.Release|Any CPU.ActiveCfg = Release|iPhoneSimulator
		{2130DDE5-9AA3-4279-A5D5-6C7F15B7130E}.Release|ARM.ActiveCfg = Release|iPhone
		{2130DDE5-9AA3-4279-A5D5-6C7F15B7130E}.Release|iPhone.ActiveCfg = Release|iPhone
		{2130DDE5-9AA3-4279-A5D5-6C7F15B7130E}.Release|iPhone.Build.0 = Release|iPhone
		{2130DDE5-9AA3-4279-A5D5-6C7F15B7130E}.Release|iPhoneSimulator.ActiveCfg = Release|iPhoneSimulator
		{2130DDE5-9AA3-4279-A5D5-6C7F15B7130E}.Release|iPhoneSimulator.Build.0 = Release|iPhoneSimulator
		{2130DDE5-9AA3-4279-A5D5-6C7F15B7130E}.Release|x64.ActiveCfg = Release|iPhone
		{2130DDE5-9AA3-4279-A5D5-6C7F15B7130E}.Release|x86.ActiveCfg = Release|iPhone
		{A26204B5-BA6B-45D0-9037-3FA2C0F980B8}.Debug|Any CPU.ActiveCfg = Debug|x86
		{A26204B5-BA6B-45D0-9037-3FA2C0F980B8}.Debug|ARM.ActiveCfg = Debug|ARM
		{A26204B5-BA6B-45D0-9037-3FA2C0F980B8}.Debug|ARM.Build.0 = Debug|ARM
		{A26204B5-BA6B-45D0-9037-3FA2C0F980B8}.Debug|ARM.Deploy.0 = Debug|ARM
		{A26204B5-BA6B-45D0-9037-3FA2C0F980B8}.Debug|iPhone.ActiveCfg = Debug|x86
		{A26204B5-BA6B-45D0-9037-3FA2C0F980B8}.Debug|iPhoneSimulator.ActiveCfg = Debug|x86
		{A26204B5-BA6B-45D0-9037-3FA2C0F980B8}.Debug|x64.ActiveCfg = Debug|x64
		{A26204B5-BA6B-45D0-9037-3FA2C0F980B8}.Debug|x64.Build.0 = Debug|x64
		{A26204B5-BA6B-45D0-9037-3FA2C0F980B8}.Debug|x64.Deploy.0 = Debug|x64
		{A26204B5-BA6B-45D0-9037-3FA2C0F980B8}.Debug|x86.ActiveCfg = Debug|x86
		{A26204B5-BA6B-45D0-9037-3FA2C0F980B8}.Debug|x86.Build.0 = Debug|x86
		{A26204B5-BA6B-45D0-9037-3FA2C0F980B8}.Debug|x86.Deploy.0 = Debug|x86
		{A26204B5-BA6B-45D0-9037-3FA2C0F980B8}.Release|Any CPU.ActiveCfg = Release|x86
		{A26204B5-BA6B-45D0-9037-3FA2C0F980B8}.Release|ARM.ActiveCfg = Release|ARM
		{A26204B5-BA6B-45D0-9037-3FA2C0F980B8}.Release|ARM.Build.0 = Release|ARM
		{A26204B5-BA6B-45D0-9037-3FA2C0F980B8}.Release|ARM.Deploy.0 = Release|ARM
		{A26204B5-BA6B-45D0-9037-3FA2C0F980B8}.Release|iPhone.ActiveCfg = Release|x86
		{A26204B5-BA6B-45D0-9037-3FA2C0F980B8}.Release|iPhoneSimulator.ActiveCfg = Release|x86
		{A26204B5-BA6B-45D0-9037-3FA2C0F980B8}.Release|x64.ActiveCfg = Release|x64
		{A26204B5-BA6B-45D0-9037-3FA2C0F980B8}.Release|x64.Build.0 = Release|x64
		{A26204B5-BA6B-45D0-9037-3FA2C0F980B8}.Release|x64.Deploy.0 = Release|x64
		{A26204B5-BA6B-45D0-9037-3FA2C0F980B8}.Release|x86.ActiveCfg = Release|x86
		{A26204B5-BA6B-45D0-9037-3FA2C0F980B8}.Release|x86.Build.0 = Release|x86
		{A26204B5-BA6B-45D0-9037-3FA2C0F980B8}.Release|x86.Deploy.0 = Release|x86
		{EA9CBCD7-0470-4604-8031-C4D31A4F326B}.Debug|Any CPU.ActiveCfg = Debug|Any CPU
		{EA9CBCD7-0470-4604-8031-C4D31A4F326B}.Debug|Any CPU.Build.0 = Debug|Any CPU
		{EA9CBCD7-0470-4604-8031-C4D31A4F326B}.Debug|ARM.ActiveCfg = Debug|Any CPU
		{EA9CBCD7-0470-4604-8031-C4D31A4F326B}.Debug|ARM.Build.0 = Debug|Any CPU
		{EA9CBCD7-0470-4604-8031-C4D31A4F326B}.Debug|iPhone.ActiveCfg = Debug|Any CPU
		{EA9CBCD7-0470-4604-8031-C4D31A4F326B}.Debug|iPhone.Build.0 = Debug|Any CPU
		{EA9CBCD7-0470-4604-8031-C4D31A4F326B}.Debug|iPhoneSimulator.ActiveCfg = Debug|Any CPU
		{EA9CBCD7-0470-4604-8031-C4D31A4F326B}.Debug|iPhoneSimulator.Build.0 = Debug|Any CPU
		{EA9CBCD7-0470-4604-8031-C4D31A4F326B}.Debug|x64.ActiveCfg = Debug|Any CPU
		{EA9CBCD7-0470-4604-8031-C4D31A4F326B}.Debug|x64.Build.0 = Debug|Any CPU
		{EA9CBCD7-0470-4604-8031-C4D31A4F326B}.Debug|x86.ActiveCfg = Debug|Any CPU
		{EA9CBCD7-0470-4604-8031-C4D31A4F326B}.Debug|x86.Build.0 = Debug|Any CPU
		{EA9CBCD7-0470-4604-8031-C4D31A4F326B}.Release|Any CPU.ActiveCfg = Release|Any CPU
		{EA9CBCD7-0470-4604-8031-C4D31A4F326B}.Release|Any CPU.Build.0 = Release|Any CPU
		{EA9CBCD7-0470-4604-8031-C4D31A4F326B}.Release|ARM.ActiveCfg = Release|Any CPU
		{EA9CBCD7-0470-4604-8031-C4D31A4F326B}.Release|ARM.Build.0 = Release|Any CPU
		{EA9CBCD7-0470-4604-8031-C4D31A4F326B}.Release|iPhone.ActiveCfg = Release|Any CPU
		{EA9CBCD7-0470-4604-8031-C4D31A4F326B}.Release|iPhone.Build.0 = Release|Any CPU
		{EA9CBCD7-0470-4604-8031-C4D31A4F326B}.Release|iPhoneSimulator.ActiveCfg = Release|Any CPU
		{EA9CBCD7-0470-4604-8031-C4D31A4F326B}.Release|iPhoneSimulator.Build.0 = Release|Any CPU
		{EA9CBCD7-0470-4604-8031-C4D31A4F326B}.Release|x64.ActiveCfg = Release|Any CPU
		{EA9CBCD7-0470-4604-8031-C4D31A4F326B}.Release|x64.Build.0 = Release|Any CPU
		{EA9CBCD7-0470-4604-8031-C4D31A4F326B}.Release|x86.ActiveCfg = Release|Any CPU
		{EA9CBCD7-0470-4604-8031-C4D31A4F326B}.Release|x86.Build.0 = Release|Any CPU
	EndGlobalSection
	GlobalSection(SolutionProperties) = preSolution
		HideSolutionNode = FALSE
	EndGlobalSection
	GlobalSection(ExtensibilityGlobals) = postSolution
		SolutionGuid = {E50A13C8-2894-4F87-BB90-BA94472E3354}
	EndGlobalSection
EndGlobal
