
Microsoft Visual Studio Solution File, Format Version 12.00
# Visual Studio 15
VisualStudioVersion = 15.0.27004.2010
MinimumVisualStudioVersion = 10.0.40219.1
Project("{FAE04EC0-301F-11D3-BF4B-00C04F79EFBC}") = "SampleCarouselApp", "SampleCarouselApp\SampleCarouselApp\SampleCarouselApp.csproj", "{E46FEC47-FA25-48B9-B237-34D4889A3BD5}"
EndProject
Project("{FAE04EC0-301F-11D3-BF4B-00C04F79EFBC}") = "SampleCarouselApp.Android", "SampleCarouselApp\SampleCarouselApp.Android\SampleCarouselApp.Android.csproj", "{6D39CDC0-5584-4863-A05F-D4E9F5BDDF80}"
EndProject
Project("{FAE04EC0-301F-11D3-BF4B-00C04F79EFBC}") = "SampleCarouselApp.iOS", "SampleCarouselApp\SampleCarouselApp.iOS\SampleCarouselApp.iOS.csproj", "{0387B462-298C-4836-9760-9CE8F005C0CA}"
EndProject
Project("{FAE04EC0-301F-11D3-BF4B-00C04F79EFBC}") = "SampleCarouselApp.UWP", "SampleCarouselApp\SampleCarouselApp.UWP\SampleCarouselApp.UWP.csproj", "{968E44C4-D6D7-4879-8AF4-B79F343FD96B}"
EndProject
Project("{FAE04EC0-301F-11D3-BF4B-00C04F79EFBC}") = "SampleCarouselApp.WPF", "SampleCarouselApp\SampleCarouselApp.WPF\SampleCarouselApp.WPF.csproj", "{CEEA540C-36A4-4E12-80F0-03C83C64DF8F}"
EndProject
Global
	GlobalSection(SolutionConfigurationPlatforms) = preSolution
		Debug|Any CPU = Debug|Any CPU
		Debug|ARM = Debug|ARM
		Debug|iPhone = Debug|iPhone
		Debug|iPhoneSimulator = Debug|iPhoneSimulator
		Debug|x64 = Debug|x64
		Debug|x86 = Debug|x86
		Release|Any CPU = Release|Any CPU
		Release|ARM = Release|ARM
		Release|iPhone = Release|iPhone
		Release|iPhoneSimulator = Release|iPhoneSimulator
		Release|x64 = Release|x64
		Release|x86 = Release|x86
	EndGlobalSection
	GlobalSection(ProjectConfigurationPlatforms) = postSolution
		{E46FEC47-FA25-48B9-B237-34D4889A3BD5}.Debug|Any CPU.ActiveCfg = Debug|Any CPU
		{E46FEC47-FA25-48B9-B237-34D4889A3BD5}.Debug|Any CPU.Build.0 = Debug|Any CPU
		{E46FEC47-FA25-48B9-B237-34D4889A3BD5}.Debug|ARM.ActiveCfg = Debug|Any CPU
		{E46FEC47-FA25-48B9-B237-34D4889A3BD5}.Debug|ARM.Build.0 = Debug|Any CPU
		{E46FEC47-FA25-48B9-B237-34D4889A3BD5}.Debug|iPhone.ActiveCfg = Debug|Any CPU
		{E46FEC47-FA25-48B9-B237-34D4889A3BD5}.Debug|iPhone.Build.0 = Debug|Any CPU
		{E46FEC47-FA25-48B9-B237-34D4889A3BD5}.Debug|iPhoneSimulator.ActiveCfg = Debug|Any CPU
		{E46FEC47-FA25-48B9-B237-34D4889A3BD5}.Debug|iPhoneSimulator.Build.0 = Debug|Any CPU
		{E46FEC47-FA25-48B9-B237-34D4889A3BD5}.Debug|x64.ActiveCfg = Debug|Any CPU
		{E46FEC47-FA25-48B9-B237-34D4889A3BD5}.Debug|x64.Build.0 = Debug|Any CPU
		{E46FEC47-FA25-48B9-B237-34D4889A3BD5}.Debug|x86.ActiveCfg = Debug|Any CPU
		{E46FEC47-FA25-48B9-B237-34D4889A3BD5}.Debug|x86.Build.0 = Debug|Any CPU
		{E46FEC47-FA25-48B9-B237-34D4889A3BD5}.Release|Any CPU.ActiveCfg = Release|Any CPU
		{E46FEC47-FA25-48B9-B237-34D4889A3BD5}.Release|Any CPU.Build.0 = Release|Any CPU
		{E46FEC47-FA25-48B9-B237-34D4889A3BD5}.Release|ARM.ActiveCfg = Release|Any CPU
		{E46FEC47-FA25-48B9-B237-34D4889A3BD5}.Release|ARM.Build.0 = Release|Any CPU
		{E46FEC47-FA25-48B9-B237-34D4889A3BD5}.Release|iPhone.ActiveCfg = Release|Any CPU
		{E46FEC47-FA25-48B9-B237-34D4889A3BD5}.Release|iPhone.Build.0 = Release|Any CPU
		{E46FEC47-FA25-48B9-B237-34D4889A3BD5}.Release|iPhoneSimulator.ActiveCfg = Release|Any CPU
		{E46FEC47-FA25-48B9-B237-34D4889A3BD5}.Release|iPhoneSimulator.Build.0 = Release|Any CPU
		{E46FEC47-FA25-48B9-B237-34D4889A3BD5}.Release|x64.ActiveCfg = Release|Any CPU
		{E46FEC47-FA25-48B9-B237-34D4889A3BD5}.Release|x64.Build.0 = Release|Any CPU
		{E46FEC47-FA25-48B9-B237-34D4889A3BD5}.Release|x86.ActiveCfg = Release|Any CPU
		{E46FEC47-FA25-48B9-B237-34D4889A3BD5}.Release|x86.Build.0 = Release|Any CPU
		{6D39CDC0-5584-4863-A05F-D4E9F5BDDF80}.Debug|Any CPU.ActiveCfg = Debug|Any CPU
		{6D39CDC0-5584-4863-A05F-D4E9F5BDDF80}.Debug|Any CPU.Build.0 = Debug|Any CPU
		{6D39CDC0-5584-4863-A05F-D4E9F5BDDF80}.Debug|Any CPU.Deploy.0 = Debug|Any CPU
		{6D39CDC0-5584-4863-A05F-D4E9F5BDDF80}.Debug|ARM.ActiveCfg = Debug|Any CPU
		{6D39CDC0-5584-4863-A05F-D4E9F5BDDF80}.Debug|ARM.Build.0 = Debug|Any CPU
		{6D39CDC0-5584-4863-A05F-D4E9F5BDDF80}.Debug|ARM.Deploy.0 = Debug|Any CPU
		{6D39CDC0-5584-4863-A05F-D4E9F5BDDF80}.Debug|iPhone.ActiveCfg = Debug|Any CPU
		{6D39CDC0-5584-4863-A05F-D4E9F5BDDF80}.Debug|iPhone.Build.0 = Debug|Any CPU
		{6D39CDC0-5584-4863-A05F-D4E9F5BDDF80}.Debug|iPhone.Deploy.0 = Debug|Any CPU
		{6D39CDC0-5584-4863-A05F-D4E9F5BDDF80}.Debug|iPhoneSimulator.ActiveCfg = Debug|Any CPU
		{6D39CDC0-5584-4863-A05F-D4E9F5BDDF80}.Debug|iPhoneSimulator.Build.0 = Debug|Any CPU
		{6D39CDC0-5584-4863-A05F-D4E9F5BDDF80}.Debug|iPhoneSimulator.Deploy.0 = Debug|Any CPU
		{6D39CDC0-5584-4863-A05F-D4E9F5BDDF80}.Debug|x64.ActiveCfg = Debug|Any CPU
		{6D39CDC0-5584-4863-A05F-D4E9F5BDDF80}.Debug|x64.Build.0 = Debug|Any CPU
		{6D39CDC0-5584-4863-A05F-D4E9F5BDDF80}.Debug|x64.Deploy.0 = Debug|Any CPU
		{6D39CDC0-5584-4863-A05F-D4E9F5BDDF80}.Debug|x86.ActiveCfg = Debug|Any CPU
		{6D39CDC0-5584-4863-A05F-D4E9F5BDDF80}.Debug|x86.Build.0 = Debug|Any CPU
		{6D39CDC0-5584-4863-A05F-D4E9F5BDDF80}.Debug|x86.Deploy.0 = Debug|Any CPU
		{6D39CDC0-5584-4863-A05F-D4E9F5BDDF80}.Release|Any CPU.ActiveCfg = Release|Any CPU
		{6D39CDC0-5584-4863-A05F-D4E9F5BDDF80}.Release|Any CPU.Build.0 = Release|Any CPU
		{6D39CDC0-5584-4863-A05F-D4E9F5BDDF80}.Release|Any CPU.Deploy.0 = Release|Any CPU
		{6D39CDC0-5584-4863-A05F-D4E9F5BDDF80}.Release|ARM.ActiveCfg = Release|Any CPU
		{6D39CDC0-5584-4863-A05F-D4E9F5BDDF80}.Release|ARM.Build.0 = Release|Any CPU
		{6D39CDC0-5584-4863-A05F-D4E9F5BDDF80}.Release|ARM.Deploy.0 = Release|Any CPU
		{6D39CDC0-5584-4863-A05F-D4E9F5BDDF80}.Release|iPhone.ActiveCfg = Release|Any CPU
		{6D39CDC0-5584-4863-A05F-D4E9F5BDDF80}.Release|iPhone.Build.0 = Release|Any CPU
		{6D39CDC0-5584-4863-A05F-D4E9F5BDDF80}.Release|iPhone.Deploy.0 = Release|Any CPU
		{6D39CDC0-5584-4863-A05F-D4E9F5BDDF80}.Release|iPhoneSimulator.ActiveCfg = Release|Any CPU
		{6D39CDC0-5584-4863-A05F-D4E9F5BDDF80}.Release|iPhoneSimulator.Build.0 = Release|Any CPU
		{6D39CDC0-5584-4863-A05F-D4E9F5BDDF80}.Release|iPhoneSimulator.Deploy.0 = Release|Any CPU
		{6D39CDC0-5584-4863-A05F-D4E9F5BDDF80}.Release|x64.ActiveCfg = Release|Any CPU
		{6D39CDC0-5584-4863-A05F-D4E9F5BDDF80}.Release|x64.Build.0 = Release|Any CPU
		{6D39CDC0-5584-4863-A05F-D4E9F5BDDF80}.Release|x64.Deploy.0 = Release|Any CPU
		{6D39CDC0-5584-4863-A05F-D4E9F5BDDF80}.Release|x86.ActiveCfg = Release|Any CPU
		{6D39CDC0-5584-4863-A05F-D4E9F5BDDF80}.Release|x86.Build.0 = Release|Any CPU
		{6D39CDC0-5584-4863-A05F-D4E9F5BDDF80}.Release|x86.Deploy.0 = Release|Any CPU
		{0387B462-298C-4836-9760-9CE8F005C0CA}.Debug|Any CPU.ActiveCfg = Debug|iPhoneSimulator
		{0387B462-298C-4836-9760-9CE8F005C0CA}.Debug|ARM.ActiveCfg = Debug|iPhone
		{0387B462-298C-4836-9760-9CE8F005C0CA}.Debug|iPhone.ActiveCfg = Debug|iPhone
		{0387B462-298C-4836-9760-9CE8F005C0CA}.Debug|iPhone.Build.0 = Debug|iPhone
		{0387B462-298C-4836-9760-9CE8F005C0CA}.Debug|iPhoneSimulator.ActiveCfg = Debug|iPhoneSimulator
		{0387B462-298C-4836-9760-9CE8F005C0CA}.Debug|iPhoneSimulator.Build.0 = Debug|iPhoneSimulator
		{0387B462-298C-4836-9760-9CE8F005C0CA}.Debug|x64.ActiveCfg = Debug|iPhone
		{0387B462-298C-4836-9760-9CE8F005C0CA}.Debug|x86.ActiveCfg = Debug|iPhone
		{0387B462-298C-4836-9760-9CE8F005C0CA}.Release|Any CPU.ActiveCfg = Release|iPhoneSimulator
		{0387B462-298C-4836-9760-9CE8F005C0CA}.Release|ARM.ActiveCfg = Release|iPhone
		{0387B462-298C-4836-9760-9CE8F005C0CA}.Release|iPhone.ActiveCfg = Release|iPhone
		{0387B462-298C-4836-9760-9CE8F005C0CA}.Release|iPhone.Build.0 = Release|iPhone
		{0387B462-298C-4836-9760-9CE8F005C0CA}.Release|iPhoneSimulator.ActiveCfg = Release|iPhoneSimulator
		{0387B462-298C-4836-9760-9CE8F005C0CA}.Release|iPhoneSimulator.Build.0 = Release|iPhoneSimulator
		{0387B462-298C-4836-9760-9CE8F005C0CA}.Release|x64.ActiveCfg = Release|iPhone
		{0387B462-298C-4836-9760-9CE8F005C0CA}.Release|x86.ActiveCfg = Release|iPhone
		{968E44C4-D6D7-4879-8AF4-B79F343FD96B}.Debug|Any CPU.ActiveCfg = Debug|x86
		{968E44C4-D6D7-4879-8AF4-B79F343FD96B}.Debug|ARM.ActiveCfg = Debug|ARM
		{968E44C4-D6D7-4879-8AF4-B79F343FD96B}.Debug|ARM.Build.0 = Debug|ARM
		{968E44C4-D6D7-4879-8AF4-B79F343FD96B}.Debug|ARM.Deploy.0 = Debug|ARM
		{968E44C4-D6D7-4879-8AF4-B79F343FD96B}.Debug|iPhone.ActiveCfg = Debug|x86
		{968E44C4-D6D7-4879-8AF4-B79F343FD96B}.Debug|iPhoneSimulator.ActiveCfg = Debug|x86
		{968E44C4-D6D7-4879-8AF4-B79F343FD96B}.Debug|x64.ActiveCfg = Debug|x64
		{968E44C4-D6D7-4879-8AF4-B79F343FD96B}.Debug|x64.Build.0 = Debug|x64
		{968E44C4-D6D7-4879-8AF4-B79F343FD96B}.Debug|x64.Deploy.0 = Debug|x64
		{968E44C4-D6D7-4879-8AF4-B79F343FD96B}.Debug|x86.ActiveCfg = Debug|x86
		{968E44C4-D6D7-4879-8AF4-B79F343FD96B}.Debug|x86.Build.0 = Debug|x86
		{968E44C4-D6D7-4879-8AF4-B79F343FD96B}.Debug|x86.Deploy.0 = Debug|x86
		{968E44C4-D6D7-4879-8AF4-B79F343FD96B}.Release|Any CPU.ActiveCfg = Release|x86
		{968E44C4-D6D7-4879-8AF4-B79F343FD96B}.Release|ARM.ActiveCfg = Release|ARM
		{968E44C4-D6D7-4879-8AF4-B79F343FD96B}.Release|ARM.Build.0 = Release|ARM
		{968E44C4-D6D7-4879-8AF4-B79F343FD96B}.Release|ARM.Deploy.0 = Release|ARM
		{968E44C4-D6D7-4879-8AF4-B79F343FD96B}.Release|iPhone.ActiveCfg = Release|x86
		{968E44C4-D6D7-4879-8AF4-B79F343FD96B}.Release|iPhoneSimulator.ActiveCfg = Release|x86
		{968E44C4-D6D7-4879-8AF4-B79F343FD96B}.Release|x64.ActiveCfg = Release|x64
		{968E44C4-D6D7-4879-8AF4-B79F343FD96B}.Release|x64.Build.0 = Release|x64
		{968E44C4-D6D7-4879-8AF4-B79F343FD96B}.Release|x64.Deploy.0 = Release|x64
		{968E44C4-D6D7-4879-8AF4-B79F343FD96B}.Release|x86.ActiveCfg = Release|x86
		{968E44C4-D6D7-4879-8AF4-B79F343FD96B}.Release|x86.Build.0 = Release|x86
		{968E44C4-D6D7-4879-8AF4-B79F343FD96B}.Release|x86.Deploy.0 = Release|x86
		{CEEA540C-36A4-4E12-80F0-03C83C64DF8F}.Debug|Any CPU.ActiveCfg = Debug|Any CPU
		{CEEA540C-36A4-4E12-80F0-03C83C64DF8F}.Debug|Any CPU.Build.0 = Debug|Any CPU
		{CEEA540C-36A4-4E12-80F0-03C83C64DF8F}.Debug|ARM.ActiveCfg = Debug|Any CPU
		{CEEA540C-36A4-4E12-80F0-03C83C64DF8F}.Debug|ARM.Build.0 = Debug|Any CPU
		{CEEA540C-36A4-4E12-80F0-03C83C64DF8F}.Debug|iPhone.ActiveCfg = Debug|Any CPU
		{CEEA540C-36A4-4E12-80F0-03C83C64DF8F}.Debug|iPhone.Build.0 = Debug|Any CPU
		{CEEA540C-36A4-4E12-80F0-03C83C64DF8F}.Debug|iPhoneSimulator.ActiveCfg = Debug|Any CPU
		{CEEA540C-36A4-4E12-80F0-03C83C64DF8F}.Debug|iPhoneSimulator.Build.0 = Debug|Any CPU
		{CEEA540C-36A4-4E12-80F0-03C83C64DF8F}.Debug|x64.ActiveCfg = Debug|Any CPU
		{CEEA540C-36A4-4E12-80F0-03C83C64DF8F}.Debug|x64.Build.0 = Debug|Any CPU
		{CEEA540C-36A4-4E12-80F0-03C83C64DF8F}.Debug|x86.ActiveCfg = Debug|Any CPU
		{CEEA540C-36A4-4E12-80F0-03C83C64DF8F}.Debug|x86.Build.0 = Debug|Any CPU
		{CEEA540C-36A4-4E12-80F0-03C83C64DF8F}.Release|Any CPU.ActiveCfg = Release|Any CPU
		{CEEA540C-36A4-4E12-80F0-03C83C64DF8F}.Release|Any CPU.Build.0 = Release|Any CPU
		{CEEA540C-36A4-4E12-80F0-03C83C64DF8F}.Release|ARM.ActiveCfg = Release|Any CPU
		{CEEA540C-36A4-4E12-80F0-03C83C64DF8F}.Release|ARM.Build.0 = Release|Any CPU
		{CEEA540C-36A4-4E12-80F0-03C83C64DF8F}.Release|iPhone.ActiveCfg = Release|Any CPU
		{CEEA540C-36A4-4E12-80F0-03C83C64DF8F}.Release|iPhone.Build.0 = Release|Any CPU
		{CEEA540C-36A4-4E12-80F0-03C83C64DF8F}.Release|iPhoneSimulator.ActiveCfg = Release|Any CPU
		{CEEA540C-36A4-4E12-80F0-03C83C64DF8F}.Release|iPhoneSimulator.Build.0 = Release|Any CPU
		{CEEA540C-36A4-4E12-80F0-03C83C64DF8F}.Release|x64.ActiveCfg = Release|Any CPU
		{CEEA540C-36A4-4E12-80F0-03C83C64DF8F}.Release|x64.Build.0 = Release|Any CPU
		{CEEA540C-36A4-4E12-80F0-03C83C64DF8F}.Release|x86.ActiveCfg = Release|Any CPU
		{CEEA540C-36A4-4E12-80F0-03C83C64DF8F}.Release|x86.Build.0 = Release|Any CPU
	EndGlobalSection
	GlobalSection(SolutionProperties) = preSolution
		HideSolutionNode = FALSE
	EndGlobalSection
	GlobalSection(ExtensibilityGlobals) = postSolution
		SolutionGuid = {701711FE-575A-4D9E-82A5-D27854621E82}
	EndGlobalSection
EndGlobal
